
Microsoft Visual Studio Solution File, Format Version 12.00
# Visual Studio 15
Project("{FAE04EC0-301F-11D3-BF4B-00C04F79EFBC}") = "PAS_Projet", "PAS_Projet\PAS_Projet.csproj", "{A7D87838-DDD4-4E7F-9ADD-EB4425FCAA21}"
EndProject
Global
	GlobalSection(SolutionConfigurationPlatforms) = preSolution
		Debug|Any CPU = Debug|Any CPU
		Release|Any CPU = Release|Any CPU
	EndGlobalSection
	GlobalSection(ProjectConfigurationPlatforms) = postSolution
		{A7D87838-DDD4-4E7F-9ADD-EB4425FCAA21}.Debug|Any CPU.ActiveCfg = Debug|Any CPU
		{A7D87838-DDD4-4E7F-9ADD-EB4425FCAA21}.Debug|Any CPU.Build.0 = Debug|Any CPU
		{A7D87838-DDD4-4E7F-9ADD-EB4425FCAA21}.Release|Any CPU.ActiveCfg = Release|Any CPU
		{A7D87838-DDD4-4E7F-9ADD-EB4425FCAA21}.Release|Any CPU.Build.0 = Release|Any CPU
	EndGlobalSection
EndGlobal
